
Microsoft Visual Studio Solution File, Format Version 12.00
# Visual Studio Version 17
VisualStudioVersion = 17.4.33205.214
MinimumVisualStudioVersion = 10.0.40219.1
Project("{9A19103F-16F7-4668-BE54-9A1E7A4F7556}") = "HugoCore", "HugoCore\HugoCore.csproj", "{788F3A7A-63C1-4801-9970-4614375509C5}"
EndProject
Project("{FAE04EC0-301F-11D3-BF4B-00C04F79EFBC}") = "HSMS.Caliburn.App", "HSMS.Caliburn.App\HSMS.Caliburn.App.csproj", "{6C6E147E-34C9-4CA5-9FB3-829CD34552EC}"
EndProject
Project("{2150E333-8FDC-42A3-9474-1A3956D46DE8}") = "Winforms Test", "Winforms Test", "{5848DC4D-88F5-4EE0-86AE-1C359BFC0983}"
EndProject
Project("{FAE04EC0-301F-11D3-BF4B-00C04F79EFBC}") = "HERP.Krypton.App", "HERP.Krypton.App\HERP.Krypton.App.csproj", "{9018C928-C177-464B-851B-0629435FE97E}"
EndProject
Project("{FAE04EC0-301F-11D3-BF4B-00C04F79EFBC}") = "HERP.Origin.App", "HERP.Origin.App\HERP.Origin.App.csproj", "{27E719EC-A51E-4749-992B-16C8CF42503C}"
EndProject
Project("{FAE04EC0-301F-11D3-BF4B-00C04F79EFBC}") = "HERP.Controls", "HERP.Controls\HERP.Controls.csproj", "{A48B95EF-FAAD-4817-A6C9-25CD737E558E}"
EndProject
Project("{FAE04EC0-301F-11D3-BF4B-00C04F79EFBC}") = "Herp.Wpf.App", "Herp.Wpf.App\Herp.Wpf.App.csproj", "{C6AF967C-CDA8-4617-A40D-ED59FCF2A129}"
EndProject
Project("{2150E333-8FDC-42A3-9474-1A3956D46DE8}") = "Control", "Control", "{BE32BA7F-BD8A-40BD-B337-25092C845BE1}"
EndProject
Project("{2150E333-8FDC-42A3-9474-1A3956D46DE8}") = "MES", "MES", "{D5FF0038-2C1A-4F1D-964A-3BDA3A4E0EF5}"
EndProject
Project("{FAE04EC0-301F-11D3-BF4B-00C04F79EFBC}") = "HugoSMS.WinForm.App", "New\HugoSMS.WinForm.App\HugoSMS.WinForm.App.csproj", "{516B3E81-8FB3-46AD-A0C4-65476DFA69C7}"
EndProject
Project("{2150E333-8FDC-42A3-9474-1A3956D46DE8}") = "Update check", "Update check", "{5D864F6B-BE35-4F91-AC93-4F4840B15A31}"
EndProject
Project("{FAE04EC0-301F-11D3-BF4B-00C04F79EFBC}") = "Hsol.Kryption.Apps", "Hsol.Kryption.Apps\Hsol.Kryption.Apps.csproj", "{1FC0D1D6-7E2B-4339-8BD6-C0F2185664EF}"
EndProject
Global
	GlobalSection(SolutionConfigurationPlatforms) = preSolution
		Debug|Any CPU = Debug|Any CPU
		Release|Any CPU = Release|Any CPU
	EndGlobalSection
	GlobalSection(ProjectConfigurationPlatforms) = postSolution
		{788F3A7A-63C1-4801-9970-4614375509C5}.Debug|Any CPU.ActiveCfg = Debug|Any CPU
		{788F3A7A-63C1-4801-9970-4614375509C5}.Debug|Any CPU.Build.0 = Debug|Any CPU
		{788F3A7A-63C1-4801-9970-4614375509C5}.Release|Any CPU.ActiveCfg = Release|Any CPU
		{788F3A7A-63C1-4801-9970-4614375509C5}.Release|Any CPU.Build.0 = Release|Any CPU
		{6C6E147E-34C9-4CA5-9FB3-829CD34552EC}.Debug|Any CPU.ActiveCfg = Debug|Any CPU
		{6C6E147E-34C9-4CA5-9FB3-829CD34552EC}.Debug|Any CPU.Build.0 = Debug|Any CPU
		{6C6E147E-34C9-4CA5-9FB3-829CD34552EC}.Release|Any CPU.ActiveCfg = Release|Any CPU
		{6C6E147E-34C9-4CA5-9FB3-829CD34552EC}.Release|Any CPU.Build.0 = Release|Any CPU
		{9018C928-C177-464B-851B-0629435FE97E}.Debug|Any CPU.ActiveCfg = Debug|Any CPU
		{9018C928-C177-464B-851B-0629435FE97E}.Debug|Any CPU.Build.0 = Debug|Any CPU
		{9018C928-C177-464B-851B-0629435FE97E}.Release|Any CPU.ActiveCfg = Release|Any CPU
		{9018C928-C177-464B-851B-0629435FE97E}.Release|Any CPU.Build.0 = Release|Any CPU
		{27E719EC-A51E-4749-992B-16C8CF42503C}.Debug|Any CPU.ActiveCfg = Debug|Any CPU
		{27E719EC-A51E-4749-992B-16C8CF42503C}.Debug|Any CPU.Build.0 = Debug|Any CPU
		{27E719EC-A51E-4749-992B-16C8CF42503C}.Release|Any CPU.ActiveCfg = Release|Any CPU
		{27E719EC-A51E-4749-992B-16C8CF42503C}.Release|Any CPU.Build.0 = Release|Any CPU
		{A48B95EF-FAAD-4817-A6C9-25CD737E558E}.Debug|Any CPU.ActiveCfg = Debug|Any CPU
		{A48B95EF-FAAD-4817-A6C9-25CD737E558E}.Debug|Any CPU.Build.0 = Debug|Any CPU
		{A48B95EF-FAAD-4817-A6C9-25CD737E558E}.Release|Any CPU.ActiveCfg = Release|Any CPU
		{A48B95EF-FAAD-4817-A6C9-25CD737E558E}.Release|Any CPU.Build.0 = Release|Any CPU
		{C6AF967C-CDA8-4617-A40D-ED59FCF2A129}.Debug|Any CPU.ActiveCfg = Debug|Any CPU
		{C6AF967C-CDA8-4617-A40D-ED59FCF2A129}.Debug|Any CPU.Build.0 = Debug|Any CPU
		{C6AF967C-CDA8-4617-A40D-ED59FCF2A129}.Release|Any CPU.ActiveCfg = Release|Any CPU
		{C6AF967C-CDA8-4617-A40D-ED59FCF2A129}.Release|Any CPU.Build.0 = Release|Any CPU
		{516B3E81-8FB3-46AD-A0C4-65476DFA69C7}.Debug|Any CPU.ActiveCfg = Debug|Any CPU
		{516B3E81-8FB3-46AD-A0C4-65476DFA69C7}.Debug|Any CPU.Build.0 = Debug|Any CPU
		{516B3E81-8FB3-46AD-A0C4-65476DFA69C7}.Release|Any CPU.ActiveCfg = Release|Any CPU
		{516B3E81-8FB3-46AD-A0C4-65476DFA69C7}.Release|Any CPU.Build.0 = Release|Any CPU
		{1FC0D1D6-7E2B-4339-8BD6-C0F2185664EF}.Debug|Any CPU.ActiveCfg = Debug|Any CPU
		{1FC0D1D6-7E2B-4339-8BD6-C0F2185664EF}.Debug|Any CPU.Build.0 = Debug|Any CPU
		{1FC0D1D6-7E2B-4339-8BD6-C0F2185664EF}.Release|Any CPU.ActiveCfg = Release|Any CPU
		{1FC0D1D6-7E2B-4339-8BD6-C0F2185664EF}.Release|Any CPU.Build.0 = Release|Any CPU
	EndGlobalSection
	GlobalSection(SolutionProperties) = preSolution
		HideSolutionNode = FALSE
	EndGlobalSection
	GlobalSection(NestedProjects) = preSolution
		{788F3A7A-63C1-4801-9970-4614375509C5} = {5D864F6B-BE35-4F91-AC93-4F4840B15A31}
		{6C6E147E-34C9-4CA5-9FB3-829CD34552EC} = {5D864F6B-BE35-4F91-AC93-4F4840B15A31}
		{9018C928-C177-464B-851B-0629435FE97E} = {5848DC4D-88F5-4EE0-86AE-1C359BFC0983}
		{27E719EC-A51E-4749-992B-16C8CF42503C} = {5848DC4D-88F5-4EE0-86AE-1C359BFC0983}
		{A48B95EF-FAAD-4817-A6C9-25CD737E558E} = {5848DC4D-88F5-4EE0-86AE-1C359BFC0983}
		{C6AF967C-CDA8-4617-A40D-ED59FCF2A129} = {5848DC4D-88F5-4EE0-86AE-1C359BFC0983}
		{516B3E81-8FB3-46AD-A0C4-65476DFA69C7} = {5848DC4D-88F5-4EE0-86AE-1C359BFC0983}
		{1FC0D1D6-7E2B-4339-8BD6-C0F2185664EF} = {5848DC4D-88F5-4EE0-86AE-1C359BFC0983}
	EndGlobalSection
	GlobalSection(ExtensibilityGlobals) = postSolution
		SolutionGuid = {7ED2F6FC-59DC-4DC8-94AE-F7C115688606}
	EndGlobalSection
EndGlobal
